
Microsoft Visual Studio Solution File, Format Version 12.00
# Visual Studio 15
VisualStudioVersion = 15.0.27703.2000
MinimumVisualStudioVersion = 10.0.40219.1
Project("{FAE04EC0-301F-11D3-BF4B-00C04F79EFBC}") = "XCoreLib", "XCoreLib\XCoreLib.csproj", "{65112475-1D8B-4B02-B5CB-18F4780E9665}"
EndProject
Project("{FAE04EC0-301F-11D3-BF4B-00C04F79EFBC}") = "XCoreLibTest", "XCoreLibTest\XCoreLibTest.csproj", "{EFF68351-8F28-4F22-9139-0FE5990CD6CD}"
EndProject
Global
	GlobalSection(SolutionConfigurationPlatforms) = preSolution
		Debug|Any CPU = Debug|Any CPU
		Release|Any CPU = Release|Any CPU
	EndGlobalSection
	GlobalSection(ProjectConfigurationPlatforms) = postSolution
		{65112475-1D8B-4B02-B5CB-18F4780E9665}.Debug|Any CPU.ActiveCfg = Debug|Any CPU
		{65112475-1D8B-4B02-B5CB-18F4780E9665}.Debug|Any CPU.Build.0 = Debug|Any CPU
		{65112475-1D8B-4B02-B5CB-18F4780E9665}.Release|Any CPU.ActiveCfg = Release|Any CPU
		{65112475-1D8B-4B02-B5CB-18F4780E9665}.Release|Any CPU.Build.0 = Release|Any CPU
		{EFF68351-8F28-4F22-9139-0FE5990CD6CD}.Debug|Any CPU.ActiveCfg = Debug|Any CPU
		{EFF68351-8F28-4F22-9139-0FE5990CD6CD}.Debug|Any CPU.Build.0 = Debug|Any CPU
		{EFF68351-8F28-4F22-9139-0FE5990CD6CD}.Release|Any CPU.ActiveCfg = Release|Any CPU
		{EFF68351-8F28-4F22-9139-0FE5990CD6CD}.Release|Any CPU.Build.0 = Release|Any CPU
	EndGlobalSection
	GlobalSection(SolutionProperties) = preSolution
		HideSolutionNode = FALSE
	EndGlobalSection
	GlobalSection(ExtensibilityGlobals) = postSolution
		SolutionGuid = {3FB23B59-8A94-4F2A-AD7F-E9BB8594CEE8}
	EndGlobalSection
EndGlobal
