
Microsoft Visual Studio Solution File, Format Version 12.00
# Visual Studio 15
VisualStudioVersion = 15.0.27703.2000
MinimumVisualStudioVersion = 10.0.40219.1
Project("{FAE04EC0-301F-11D3-BF4B-00C04F79EFBC}") = "XCoreLibTest", "XCoreLibTest\XCoreLibTest.csproj", "{EFF68351-8F28-4F22-9139-0FE5990CD6CD}"
EndProject
Project("{2150E333-8FDC-42A3-9474-1A3956D46DE8}") = "item", "item", "{205E82F6-4437-466F-955A-B95822C246A1}"
	ProjectSection(SolutionItems) = preProject
		README.md = README.md
	EndProjectSection
EndProject
Project("{FAE04EC0-301F-11D3-BF4B-00C04F79EFBC}") = "XCore.Component.Settings", "XCore.Component.Settings\XCore.Component.Settings.csproj", "{65112475-1D8B-4B02-B5CB-18F4780E9665}"
EndProject
Project("{FAE04EC0-301F-11D3-BF4B-00C04F79EFBC}") = "XCore", "XCore\XCore.csproj", "{D009A52E-C67B-452C-8F45-1E8B183FF2C7}"
EndProject
Project("{FAE04EC0-301F-11D3-BF4B-00C04F79EFBC}") = "XCore.Web.Ftp", "XCore.Web.Ftp\XCore.Web.Ftp.csproj", "{4849FF1D-B83A-4C51-8797-204F9A9A31C1}"
EndProject
Project("{FAE04EC0-301F-11D3-BF4B-00C04F79EFBC}") = "XCore.Windows", "XCore.Windows\XCore.Windows.csproj", "{214EE63C-4E44-4DB7-BE72-DBFDD96B2DCC}"
EndProject
Project("{FAE04EC0-301F-11D3-BF4B-00C04F79EFBC}") = "XCore.Windows.UI", "XCore.Windows.UI\XCore.Windows.UI.csproj", "{435D1A9B-E562-46AB-B291-FE7758349234}"
EndProject
Global
	GlobalSection(SolutionConfigurationPlatforms) = preSolution
		Debug|Any CPU = Debug|Any CPU
		Release|Any CPU = Release|Any CPU
	EndGlobalSection
	GlobalSection(ProjectConfigurationPlatforms) = postSolution
		{EFF68351-8F28-4F22-9139-0FE5990CD6CD}.Debug|Any CPU.ActiveCfg = Debug|Any CPU
		{EFF68351-8F28-4F22-9139-0FE5990CD6CD}.Debug|Any CPU.Build.0 = Debug|Any CPU
		{EFF68351-8F28-4F22-9139-0FE5990CD6CD}.Release|Any CPU.ActiveCfg = Release|Any CPU
		{EFF68351-8F28-4F22-9139-0FE5990CD6CD}.Release|Any CPU.Build.0 = Release|Any CPU
		{65112475-1D8B-4B02-B5CB-18F4780E9665}.Debug|Any CPU.ActiveCfg = Debug|Any CPU
		{65112475-1D8B-4B02-B5CB-18F4780E9665}.Debug|Any CPU.Build.0 = Debug|Any CPU
		{65112475-1D8B-4B02-B5CB-18F4780E9665}.Release|Any CPU.ActiveCfg = Release|Any CPU
		{65112475-1D8B-4B02-B5CB-18F4780E9665}.Release|Any CPU.Build.0 = Release|Any CPU
		{D009A52E-C67B-452C-8F45-1E8B183FF2C7}.Debug|Any CPU.ActiveCfg = Debug|Any CPU
		{D009A52E-C67B-452C-8F45-1E8B183FF2C7}.Debug|Any CPU.Build.0 = Debug|Any CPU
		{D009A52E-C67B-452C-8F45-1E8B183FF2C7}.Release|Any CPU.ActiveCfg = Release|Any CPU
		{D009A52E-C67B-452C-8F45-1E8B183FF2C7}.Release|Any CPU.Build.0 = Release|Any CPU
		{4849FF1D-B83A-4C51-8797-204F9A9A31C1}.Debug|Any CPU.ActiveCfg = Debug|Any CPU
		{4849FF1D-B83A-4C51-8797-204F9A9A31C1}.Debug|Any CPU.Build.0 = Debug|Any CPU
		{4849FF1D-B83A-4C51-8797-204F9A9A31C1}.Release|Any CPU.ActiveCfg = Release|Any CPU
		{4849FF1D-B83A-4C51-8797-204F9A9A31C1}.Release|Any CPU.Build.0 = Release|Any CPU
		{214EE63C-4E44-4DB7-BE72-DBFDD96B2DCC}.Debug|Any CPU.ActiveCfg = Debug|Any CPU
		{214EE63C-4E44-4DB7-BE72-DBFDD96B2DCC}.Debug|Any CPU.Build.0 = Debug|Any CPU
		{214EE63C-4E44-4DB7-BE72-DBFDD96B2DCC}.Release|Any CPU.ActiveCfg = Release|Any CPU
		{214EE63C-4E44-4DB7-BE72-DBFDD96B2DCC}.Release|Any CPU.Build.0 = Release|Any CPU
		{435D1A9B-E562-46AB-B291-FE7758349234}.Debug|Any CPU.ActiveCfg = Debug|Any CPU
		{435D1A9B-E562-46AB-B291-FE7758349234}.Debug|Any CPU.Build.0 = Debug|Any CPU
		{435D1A9B-E562-46AB-B291-FE7758349234}.Release|Any CPU.ActiveCfg = Release|Any CPU
		{435D1A9B-E562-46AB-B291-FE7758349234}.Release|Any CPU.Build.0 = Release|Any CPU
	EndGlobalSection
	GlobalSection(SolutionProperties) = preSolution
		HideSolutionNode = FALSE
	EndGlobalSection
	GlobalSection(ExtensibilityGlobals) = postSolution
		SolutionGuid = {3FB23B59-8A94-4F2A-AD7F-E9BB8594CEE8}
	EndGlobalSection
EndGlobal
